
Microsoft Visual Studio Solution File, Format Version 12.00
# Visual Studio Version 16
VisualStudioVersion = 16.0.30309.148
MinimumVisualStudioVersion = 10.0.40219.1
Project("{FAE04EC0-301F-11D3-BF4B-00C04F79EFBC}") = "MechKeyboardsWebsite", "MechKeyboardsWebsite\MechKeyboardsWebsite.csproj", "{F4A01262-69D3-42C6-A9EA-B34356110336}"
EndProject
Global
	GlobalSection(SolutionConfigurationPlatforms) = preSolution
		Debug|Any CPU = Debug|Any CPU
		Release|Any CPU = Release|Any CPU
	EndGlobalSection
	GlobalSection(ProjectConfigurationPlatforms) = postSolution
		{F4A01262-69D3-42C6-A9EA-B34356110336}.Debug|Any CPU.ActiveCfg = Debug|Any CPU
		{F4A01262-69D3-42C6-A9EA-B34356110336}.Debug|Any CPU.Build.0 = Debug|Any CPU
		{F4A01262-69D3-42C6-A9EA-B34356110336}.Release|Any CPU.ActiveCfg = Release|Any CPU
		{F4A01262-69D3-42C6-A9EA-B34356110336}.Release|Any CPU.Build.0 = Release|Any CPU
	EndGlobalSection
	GlobalSection(SolutionProperties) = preSolution
		HideSolutionNode = FALSE
	EndGlobalSection
	GlobalSection(ExtensibilityGlobals) = postSolution
		SolutionGuid = {7E1AE5FC-D189-4965-B887-3BE79A3274EA}
	EndGlobalSection
EndGlobal
